github.com/sam-caldwell/errors v1.0.3 h1:l49R7noX3rlAH+USsoFbT0Om26GGlyIeTFJxkK+On8Q=
github.com/sam-caldwell/errors v1.0.3/go.mod h1:lZIVGM3grlaHjtZziLfGruJvF1cP+QTERP5ZavehpX0=
github.com/sam-caldwell/monorepo v0.0.6 h1:F7FNsYE1Y+3CDqD3kNwgOFq1w3GNOox608Rk6ZJiF/U=
github.com/sam-caldwell/monorepo v0.0.6/go.mod h1:r877+HBoAe8laZHImh49Me5W63mZFPNjpMaySBr8uLk=
